// !$*UTF8*$!
{
	archiveVersion = 1;
	classes = {
	};
	objectVersion = 46;
	objects = {

/* Begin PBXBuildFile section */
		468189AD1DCCC03700A4A5F8 /* AppDelegate.swift in Sources */ = {isa = PBXBuildFile; fileRef = 468189AC1DCCC03700A4A5F8 /* AppDelegate.swift */; };
		468189AF1DCCC03700A4A5F8 /* ViewController.swift in Sources */ = {isa = PBXBuildFile; fileRef = 468189AE1DCCC03700A4A5F8 /* ViewController.swift */; };
		468189B21DCCC03700A4A5F8 /* Main.storyboard in Resources */ = {isa = PBXBuildFile; fileRef = 468189B01DCCC03700A4A5F8 /* Main.storyboard */; };
		468189B41DCCC03700A4A5F8 /* Assets.xcassets in Resources */ = {isa = PBXBuildFile; fileRef = 468189B31DCCC03700A4A5F8 /* Assets.xcassets */; };
		468189B71DCCC03700A4A5F8 /* LaunchScreen.storyboard in Resources */ = {isa = PBXBuildFile; fileRef = 468189B51DCCC03700A4A5F8 /* LaunchScreen.storyboard */; };
/* End PBXBuildFile section */

/* Begin PBXFileReference section */
		468189A91DCCC03700A4A5F8 /* KartikHelloWorld.app */ = {isa = PBXFileReference; explicitFileType = wrapper.application; includeInIndex = 0; path = KartikHelloWorld.app; sourceTree = BUILT_PRODUCTS_DIR; };
		468189AC1DCCC03700A4A5F8 /* AppDelegate.swift */ = {isa = PBXFileReference; lastKnownFileType = sourcecode.swift; path = AppDelegate.swift; sourceTree = "<group>"; };
		468189AE1DCCC03700A4A5F8 /* ViewController.swift */ = {isa = PBXFileReference; lastKnownFileType = sourcecode.swift; path = ViewController.swift; sourceTree = "<group>"; };
		468189B11DCCC03700A4A5F8 /* Base */ = {isa = PBXFileReference; lastKnownFileType = file.storyboard; name = Base; path = Base.lproj/Main.storyboard; sourceTree = "<group>"; };
		468189B31DCCC03700A4A5F8 /* Assets.xcassets */ = {isa = PBXFileReference; lastKnownFileType = folder.assetcatalog; path = Assets.xcassets; sourceTree = "<group>"; };
		468189B61DCCC03700A4A5F8 /* Base */ = {isa = PBXFileReference; lastKnownFileType = file.storyboard; name = Base; path = Base.lproj/LaunchScreen.storyboard; sourceTree = "<group>"; };
		468189B81DCCC03700A4A5F8 /* Info.plist */ = {isa = PBXFileReference; lastKnownFileType = text.plist.xml; path = Info.plist; sourceTree = "<group>"; };
/* End PBXFileReference section */

/* Begin PBXFrameworksBuildPhase section */
		468189A61DCCC03700A4A5F8 /* Frameworks */ = {
			isa = PBXFrameworksBuildPhase;
			buildActionMask = 2147483647;
			files = (
			);
			runOnlyForDeploymentPostprocessing = 0;
		};
/* End PBXFrameworksBuildPhase section */

/* Begin PBXGroup section */
		468189A01DCCC03700A4A5F8 = {
			isa = PBXGroup;
			children = (
				468189AB1DCCC03700A4A5F8 /* KartikHelloWorld */,
				468189AA1DCCC03700A4A5F8 /* Products */,
			);
			sourceTree = "<group>";
		};
		468189AA1DCCC03700A4A5F8 /* Products */ = {
			isa = PBXGroup;
			children = (
				468189A91DCCC03700A4A5F8 /* KartikHelloWorld.app */,
			);
			name = Products;
			sourceTree = "<group>";
		};
		468189AB1DCCC03700A4A5F8 /* KartikHelloWorld */ = {
			isa = PBXGroup;
			children = (
				468189AC1DCCC03700A4A5F8 /* AppDelegate.swift */,
				468189AE1DCCC03700A4A5F8 /* ViewController.swift */,
				468189B01DCCC03700A4A5F8 /* Main.storyboard */,
				468189B31DCCC03700A4A5F8 /* Assets.xcassets */,
				468189B51DCCC03700A4A5F8 /* LaunchScreen.storyboard */,
				468189B81DCCC03700A4A5F8 /* Info.plist */,
			);
			path = KartikHelloWorld;
			sourceTree = "<group>";
		};
/* End PBXGroup section */

/* Begin PBXNativeTarget section */
		468189A81DCCC03700A4A5F8 /* KartikHelloWorld */ = {
			isa = PBXNativeTarget;
			buildConfigurationList = 468189BB1DCCC03700A4A5F8 /* Build configuration list for PBXNativeTarget "KartikHelloWorld" */;
			buildPhases = (
				468189A51DCCC03700A4A5F8 /* Sources */,
				468189A61DCCC03700A4A5F8 /* Frameworks */,
				468189A71DCCC03700A4A5F8 /* Resources */,
			);
			buildRules = (
			);
			dependencies = (
			);
			name = KartikHelloWorld;
			productName = KartikHelloWorld;
			productReference = 468189A91DCCC03700A4A5F8 /* KartikHelloWorld.app */;
			productType = "com.apple.product-type.application";
		};
/* End PBXNativeTarget section */

/* Begin PBXProject section */
		468189A11DCCC03700A4A5F8 /* Project object */ = {
			isa = PBXProject;
			attributes = {
				LastSwiftUpdateCheck = 0800;
				LastUpgradeCheck = 0800;
				ORGANIZATIONNAME = LambtonCollege;
				TargetAttributes = {
					468189A81DCCC03700A4A5F8 = {
						CreatedOnToolsVersion = 8.0;
						ProvisioningStyle = Automatic;
					};
				};
			};
			buildConfigurationList = 468189A41DCCC03700A4A5F8 /* Build configuration list for PBXProject "KartikHelloWorld" */;
			compatibilityVersion = "Xcode 3.2";
			developmentRegion = English;
			hasScannedForEncodings = 0;
			knownRegions = (
				en,
				Base,
			);
			mainGroup = 468189A01DCCC03700A4A5F8;
			productRefGroup = 468189AA1DCCC03700A4A5F8 /* Products */;
			projectDirPath = "";
			projectRoot = "";
			targets = (
				468189A81DCCC03700A4A5F8 /* KartikHelloWorld */,
			);
		};
/* End PBXProject section */

/* Begin PBXResourcesBuildPhase section */
		468189A71DCCC03700A4A5F8 /* Resources */ = {
			isa = PBXResourcesBuildPhase;
			buildActionMask = 2147483647;
			files = (
				468189B71DCCC03700A4A5F8 /* LaunchScreen.storyboard in Resources */,
				468189B41DCCC03700A4A5F8 /* Assets.xcassets in Resources */,
				468189B21DCCC03700A4A5F8 /* Main.storyboard in Resources */,
			);
			runOnlyForDeploymentPostprocessing = 0;
		};
/* End PBXResourcesBuildPhase section */

/* Begin PBXSourcesBuildPhase section */
		468189A51DCCC03700A4A5F8 /* Sources */ = {
			isa = PBXSourcesBuildPhase;
			buildActionMask = 2147483647;
			files = (
				468189AF1DCCC03700A4A5F8 /* ViewController.swift in Sources */,
				468189AD1DCCC03700A4A5F8 /* AppDelegate.swift in Sources */,
			);
			runOnlyForDeploymentPostprocessing = 0;
		};
/* End PBXSourcesBuildPhase section */

/* Begin PBXVariantGroup section */
		468189B01DCCC03700A4A5F8 /* Main.storyboard */ = {
			isa = PBXVariantGroup;
			children = (
				468189B11DCCC03700A4A5F8 /* Base */,
			);
			name = Main.storyboard;
			sourceTree = "<group>";
		};
		468189B51DCCC03700A4A5F8 /* LaunchScreen.storyboard */ = {
			isa = PBXVariantGroup;
			children = (
				468189B61DCCC03700A4A5F8 /* Base */,
			);
			name = LaunchScreen.storyboard;
			sourceTree = "<group>";
		};
/* End PBXVariantGroup section */

/* Begin XCBuildConfiguration section */
		468189B91DCCC03700A4A5F8 /* Debug */ = {
			isa = XCBuildConfiguration;
			buildSettings = {
				ALWAYS_SEARCH_USER_PATHS = NO;
				CLANG_ANALYZER_NONNULL = YES;
				CLANG_CXX_LANGUAGE_STANDARD = "gnu++0x";
				CLANG_CXX_LIBRARY = "libc++";
				CLANG_ENABLE_MODULES = YES;
				CLANG_ENABLE_OBJC_ARC = YES;
				CLANG_WARN_BOOL_CONVERSION = YES;
				CLANG_WARN_CONSTANT_CONVERSION = YES;
				CLANG_WARN_DIRECT_OBJC_ISA_USAGE = YES_ERROR;
				CLANG_WARN_DOCUMENTATION_COMMENTS = YES;
				CLANG_WARN_EMPTY_BODY = YES;
				CLANG_WARN_ENUM_CONVERSION = YES;
				CLANG_WARN_INFINITE_RECURSION = YES;
				CLANG_WARN_INT_CONVERSION = YES;
				CLANG_WARN_OBJC_ROOT_CLASS = YES_ERROR;
				CLANG_WARN_SUSPICIOUS_MOVES = YES;
				CLANG_WARN_UNREACHABLE_CODE = YES;
				CLANG_WARN__DUPLICATE_METHOD_MATCH = YES;
				"CODE_SIGN_IDENTITY[sdk=iphoneos*]" = "iPhone Developer";
				COPY_PHASE_STRIP = NO;
				DEBUG_INFORMATION_FORMAT = dwarf;
				ENABLE_STRICT_OBJC_MSGSEND = YES;
				ENABLE_TESTABILITY = YES;
				GCC_C_LANGUAGE_STANDARD = gnu99;
				GCC_DYNAMIC_NO_PIC = NO;
				GCC_NO_COMMON_BLOCKS = YES;
				GCC_OPTIMIZATION_LEVEL = 0;
				GCC_PREPROCESSOR_DEFINITIONS = (
					"DEBUG=1",
					"$(inherited)",
				);
				GCC_WARN_64_TO_32_BIT_CONVERSION = YES;
				GCC_WARN_ABOUT_RETURN_TYPE = YES_ERROR;
				GCC_WARN_UNDECLARED_SELECTOR = YES;
				GCC_WARN_UNINITIALIZED_AUTOS = YES_AGGRESSIVE;
				GCC_WARN_UNUSED_FUNCTION = YES;
				GCC_WARN_UNUSED_VARIABLE = YES;
				IPHONEOS_DEPLOYMENT_TARGET = 10.0;
				MTL_ENABLE_DEBUG_INFO = YES;
				ONLY_ACTIVE_ARCH = YES;
				SDKROOT = iphoneos;
				SWIFT_ACTIVE_COMPILATION_CONDITIONS = DEBUG;
				SWIFT_OPTIMIZATION_LEVEL = "-Onone";
			};
			name = Debug;
		};
		468189BA1DCCC03700A4A5F8 /* Release */ = {
			isa = XCBuildConfiguration;
			buildSettings = {
				ALWAYS_SEARCH_USER_PATHS = NO;
				CLANG_ANALYZER_NONNULL = YES;
				CLANG_CXX_LANGUAGE_STANDARD = "gnu++0x";
				CLANG_CXX_LIBRARY = "libc++";
				CLANG_ENABLE_MODULES = YES;
				CLANG_ENABLE_OBJC_ARC = YES;
				CLANG_WARN_BOOL_CONVERSION = YES;
				CLANG_WARN_CONSTANT_CONVERSION = YES;
				CLANG_WARN_DIRECT_OBJC_ISA_USAGE = YES_ERROR;
				CLANG_WARN_DOCUMENTATION_COMMENTS = YES;
				CLANG_WARN_EMPTY_BODY = YES;
				CLANG_WARN_ENUM_CONVERSION = YES;
				CLANG_WARN_INFINITE_RECURSION = YES;
				CLANG_WARN_INT_CONVERSION = YES;
				CLANG_WARN_OBJC_ROOT_CLASS = YES_ERROR;
				CLANG_WARN_SUSPICIOUS_MOVES = YES;
				CLANG_WARN_UNREACHABLE_CODE = YES;
				CLANG_WARN__DUPLICATE_METHOD_MATCH = YES;
				"CODE_SIGN_IDENTITY[sdk=iphoneos*]" = "iPhone Developer";
				COPY_PHASE_STRIP = NO;
				DEBUG_INFORMATION_FORMAT = "dwarf-with-dsym";
				ENABLE_NS_ASSERTIONS = NO;
				ENABLE_STRICT_OBJC_MSGSEND = YES;
				GCC_C_LANGUAGE_STANDARD = gnu99;
				GCC_NO_COMMON_BLOCKS = YES;
				GCC_WARN_64_TO_32_BIT_CONVERSION = YES;
				GCC_WARN_ABOUT_RETURN_TYPE = YES_ERROR;
				GCC_WARN_UNDECLARED_SELECTOR = YES;
				GCC_WARN_UNINITIALIZED_AUTOS = YES_AGGRESSIVE;
				GCC_WARN_UNUSED_FUNCTION = YES;
				GCC_WARN_UNUSED_VARIABLE = YES;
				IPHONEOS_DEPLOYMENT_TARGET = 10.0;
				MTL_ENABLE_DEBUG_INFO = NO;
				SDKROOT = iphoneos;
				SWIFT_OPTIMIZATION_LEVEL = "-Owholemodule";
				VALIDATE_PRODUCT = YES;
			};
			name = Release;
		};
		468189BC1DCCC03700A4A5F8 /* Debug */ = {
			isa = XCBuildConfiguration;
			buildSettings = {
				ASSETCATALOG_COMPILER_APPICON_NAME = AppIcon;
				INFOPLIST_FILE = KartikHelloWorld/Info.plist;
				LD_RUNPATH_SEARCH_PATHS = "$(inherited) @executable_path/Frameworks";
				PRODUCT_BUNDLE_IDENTIFIER = com.lambtoncollege.KartikHelloWorld;
				PRODUCT_NAME = "$(TARGET_NAME)";
				SWIFT_VERSION = 3.0;
			};
			name = Debug;
		};
		468189BD1DCCC03700A4A5F8 /* Release */ = {
			isa = XCBuildConfiguration;
			buildSettings = {
				ASSETCATALOG_COMPILER_APPICON_NAME = AppIcon;
				INFOPLIST_FILE = KartikHelloWorld/Info.plist;
				LD_RUNPATH_SEARCH_PATHS = "$(inherited) @executable_path/Frameworks";
				PRODUCT_BUNDLE_IDENTIFIER = com.lambtoncollege.KartikHelloWorld;
				PRODUCT_NAME = "$(TARGET_NAME)";
				SWIFT_VERSION = 3.0;
			};
			name = Release;
		};
/* End XCBuildConfiguration section */

/* Begin XCConfigurationList section */
		468189A41DCCC03700A4A5F8 /* Build configuration list for PBXProject "KartikHelloWorld" */ = {
			isa = XCConfigurationList;
			buildConfigurations = (
				468189B91DCCC03700A4A5F8 /* Debug */,
				468189BA1DCCC03700A4A5F8 /* Release */,
			);
			defaultConfigurationIsVisible = 0;
			defaultConfigurationName = Release;
		};
		468189BB1DCCC03700A4A5F8 /* Build configuration list for PBXNativeTarget "KartikHelloWorld" */ = {
			isa = XCConfigurationList;
			buildConfigurations = (
				468189BC1DCCC03700A4A5F8 /* Debug */,
				468189BD1DCCC03700A4A5F8 /* Release */,
			);
			defaultConfigurationIsVisible = 0;
		};
/* End XCConfigurationList section */
	};
	rootObject = 468189A11DCCC03700A4A5F8 /* Project object */;
}
