// !$*UTF8*$!
{
	archiveVersion = 1;
	classes = {
	};
	objectVersion = 46;
	objects = {

/* Begin PBXBuildFile section */
		2F85CD961E92AFC90099381F /* main.m in Sources */ = {isa = PBXBuildFile; fileRef = 2F85CD951E92AFC90099381F /* main.m */; };
		2F85CD991E92AFC90099381F /* AppDelegate.m in Sources */ = {isa = PBXBuildFile; fileRef = 2F85CD981E92AFC90099381F /* AppDelegate.m */; };
		2F85CD9C1E92AFC90099381F /* ViewController.m in Sources */ = {isa = PBXBuildFile; fileRef = 2F85CD9B1E92AFC90099381F /* ViewController.m */; };
		2F85CD9F1E92AFC90099381F /* Main.storyboard in Resources */ = {isa = PBXBuildFile; fileRef = 2F85CD9D1E92AFC90099381F /* Main.storyboard */; };
		2F85CDA11E92AFC90099381F /* Assets.xcassets in Resources */ = {isa = PBXBuildFile; fileRef = 2F85CDA01E92AFC90099381F /* Assets.xcassets */; };
		2F85CDA41E92AFC90099381F /* LaunchScreen.storyboard in Resources */ = {isa = PBXBuildFile; fileRef = 2F85CDA21E92AFC90099381F /* LaunchScreen.storyboard */; };
/* End PBXBuildFile section */

/* Begin PBXFileReference section */
		2F85CD911E92AFC90099381F /* GCDApplication.app */ = {isa = PBXFileReference; explicitFileType = wrapper.application; includeInIndex = 0; path = GCDApplication.app; sourceTree = BUILT_PRODUCTS_DIR; };
		2F85CD951E92AFC90099381F /* main.m */ = {isa = PBXFileReference; lastKnownFileType = sourcecode.c.objc; path = main.m; sourceTree = "<group>"; };
		2F85CD971E92AFC90099381F /* AppDelegate.h */ = {isa = PBXFileReference; lastKnownFileType = sourcecode.c.h; path = AppDelegate.h; sourceTree = "<group>"; };
		2F85CD981E92AFC90099381F /* AppDelegate.m */ = {isa = PBXFileReference; lastKnownFileType = sourcecode.c.objc; path = AppDelegate.m; sourceTree = "<group>"; };
		2F85CD9A1E92AFC90099381F /* ViewController.h */ = {isa = PBXFileReference; lastKnownFileType = sourcecode.c.h; path = ViewController.h; sourceTree = "<group>"; };
		2F85CD9B1E92AFC90099381F /* ViewController.m */ = {isa = PBXFileReference; lastKnownFileType = sourcecode.c.objc; path = ViewController.m; sourceTree = "<group>"; };
		2F85CD9E1E92AFC90099381F /* Base */ = {isa = PBXFileReference; lastKnownFileType = file.storyboard; name = Base; path = Base.lproj/Main.storyboard; sourceTree = "<group>"; };
		2F85CDA01E92AFC90099381F /* Assets.xcassets */ = {isa = PBXFileReference; lastKnownFileType = folder.assetcatalog; path = Assets.xcassets; sourceTree = "<group>"; };
		2F85CDA31E92AFC90099381F /* Base */ = {isa = PBXFileReference; lastKnownFileType = file.storyboard; name = Base; path = Base.lproj/LaunchScreen.storyboard; sourceTree = "<group>"; };
		2F85CDA51E92AFC90099381F /* Info.plist */ = {isa = PBXFileReference; lastKnownFileType = text.plist.xml; path = Info.plist; sourceTree = "<group>"; };
/* End PBXFileReference section */

/* Begin PBXFrameworksBuildPhase section */
		2F85CD8E1E92AFC70099381F /* Frameworks */ = {
			isa = PBXFrameworksBuildPhase;
			buildActionMask = 2147483647;
			files = (
			);
			runOnlyForDeploymentPostprocessing = 0;
		};
/* End PBXFrameworksBuildPhase section */

/* Begin PBXGroup section */
		2F85CD881E92AFC70099381F = {
			isa = PBXGroup;
			children = (
				2F85CD931E92AFC90099381F /* GCDApplication */,
				2F85CD921E92AFC90099381F /* Products */,
			);
			sourceTree = "<group>";
		};
		2F85CD921E92AFC90099381F /* Products */ = {
			isa = PBXGroup;
			children = (
				2F85CD911E92AFC90099381F /* GCDApplication.app */,
			);
			name = Products;
			sourceTree = "<group>";
		};
		2F85CD931E92AFC90099381F /* GCDApplication */ = {
			isa = PBXGroup;
			children = (
				2F85CD971E92AFC90099381F /* AppDelegate.h */,
				2F85CD981E92AFC90099381F /* AppDelegate.m */,
				2F85CD9A1E92AFC90099381F /* ViewController.h */,
				2F85CD9B1E92AFC90099381F /* ViewController.m */,
				2F85CD9D1E92AFC90099381F /* Main.storyboard */,
				2F85CDA01E92AFC90099381F /* Assets.xcassets */,
				2F85CDA21E92AFC90099381F /* LaunchScreen.storyboard */,
				2F85CDA51E92AFC90099381F /* Info.plist */,
				2F85CD941E92AFC90099381F /* Supporting Files */,
			);
			path = GCDApplication;
			sourceTree = "<group>";
		};
		2F85CD941E92AFC90099381F /* Supporting Files */ = {
			isa = PBXGroup;
			children = (
				2F85CD951E92AFC90099381F /* main.m */,
			);
			name = "Supporting Files";
			sourceTree = "<group>";
		};
/* End PBXGroup section */

/* Begin PBXNativeTarget section */
		2F85CD901E92AFC70099381F /* GCDApplication */ = {
			isa = PBXNativeTarget;
			buildConfigurationList = 2F85CDA81E92AFC90099381F /* Build configuration list for PBXNativeTarget "GCDApplication" */;
			buildPhases = (
				2F85CD8D1E92AFC70099381F /* Sources */,
				2F85CD8E1E92AFC70099381F /* Frameworks */,
				2F85CD8F1E92AFC70099381F /* Resources */,
			);
			buildRules = (
			);
			dependencies = (
			);
			name = GCDApplication;
			productName = GCDApplication;
			productReference = 2F85CD911E92AFC90099381F /* GCDApplication.app */;
			productType = "com.apple.product-type.application";
		};
/* End PBXNativeTarget section */

/* Begin PBXProject section */
		2F85CD891E92AFC70099381F /* Project object */ = {
			isa = PBXProject;
			attributes = {
				LastUpgradeCheck = 0820;
				ORGANIZATIONNAME = "Kartik Patel";
				TargetAttributes = {
					2F85CD901E92AFC70099381F = {
						CreatedOnToolsVersion = 8.2.1;
						ProvisioningStyle = Automatic;
					};
				};
			};
			buildConfigurationList = 2F85CD8C1E92AFC70099381F /* Build configuration list for PBXProject "GCDApplication" */;
			compatibilityVersion = "Xcode 3.2";
			developmentRegion = English;
			hasScannedForEncodings = 0;
			knownRegions = (
				en,
				Base,
			);
			mainGroup = 2F85CD881E92AFC70099381F;
			productRefGroup = 2F85CD921E92AFC90099381F /* Products */;
			projectDirPath = "";
			projectRoot = "";
			targets = (
				2F85CD901E92AFC70099381F /* GCDApplication */,
			);
		};
/* End PBXProject section */

/* Begin PBXResourcesBuildPhase section */
		2F85CD8F1E92AFC70099381F /* Resources */ = {
			isa = PBXResourcesBuildPhase;
			buildActionMask = 2147483647;
			files = (
				2F85CDA41E92AFC90099381F /* LaunchScreen.storyboard in Resources */,
				2F85CDA11E92AFC90099381F /* Assets.xcassets in Resources */,
				2F85CD9F1E92AFC90099381F /* Main.storyboard in Resources */,
			);
			runOnlyForDeploymentPostprocessing = 0;
		};
/* End PBXResourcesBuildPhase section */

/* Begin PBXSourcesBuildPhase section */
		2F85CD8D1E92AFC70099381F /* Sources */ = {
			isa = PBXSourcesBuildPhase;
			buildActionMask = 2147483647;
			files = (
				2F85CD9C1E92AFC90099381F /* ViewController.m in Sources */,
				2F85CD991E92AFC90099381F /* AppDelegate.m in Sources */,
				2F85CD961E92AFC90099381F /* main.m in Sources */,
			);
			runOnlyForDeploymentPostprocessing = 0;
		};
/* End PBXSourcesBuildPhase section */

/* Begin PBXVariantGroup section */
		2F85CD9D1E92AFC90099381F /* Main.storyboard */ = {
			isa = PBXVariantGroup;
			children = (
				2F85CD9E1E92AFC90099381F /* Base */,
			);
			name = Main.storyboard;
			sourceTree = "<group>";
		};
		2F85CDA21E92AFC90099381F /* LaunchScreen.storyboard */ = {
			isa = PBXVariantGroup;
			children = (
				2F85CDA31E92AFC90099381F /* Base */,
			);
			name = LaunchScreen.storyboard;
			sourceTree = "<group>";
		};
/* End PBXVariantGroup section */

/* Begin XCBuildConfiguration section */
		2F85CDA61E92AFC90099381F /* Debug */ = {
			isa = XCBuildConfiguration;
			buildSettings = {
				ALWAYS_SEARCH_USER_PATHS = NO;
				CLANG_ANALYZER_NONNULL = YES;
				CLANG_CXX_LANGUAGE_STANDARD = "gnu++0x";
				CLANG_CXX_LIBRARY = "libc++";
				CLANG_ENABLE_MODULES = YES;
				CLANG_ENABLE_OBJC_ARC = YES;
				CLANG_WARN_BOOL_CONVERSION = YES;
				CLANG_WARN_CONSTANT_CONVERSION = YES;
				CLANG_WARN_DIRECT_OBJC_ISA_USAGE = YES_ERROR;
				CLANG_WARN_DOCUMENTATION_COMMENTS = YES;
				CLANG_WARN_EMPTY_BODY = YES;
				CLANG_WARN_ENUM_CONVERSION = YES;
				CLANG_WARN_INFINITE_RECURSION = YES;
				CLANG_WARN_INT_CONVERSION = YES;
				CLANG_WARN_OBJC_ROOT_CLASS = YES_ERROR;
				CLANG_WARN_SUSPICIOUS_MOVE = YES;
				CLANG_WARN_UNREACHABLE_CODE = YES;
				CLANG_WARN__DUPLICATE_METHOD_MATCH = YES;
				"CODE_SIGN_IDENTITY[sdk=iphoneos*]" = "iPhone Developer";
				COPY_PHASE_STRIP = NO;
				DEBUG_INFORMATION_FORMAT = dwarf;
				ENABLE_STRICT_OBJC_MSGSEND = YES;
				ENABLE_TESTABILITY = YES;
				GCC_C_LANGUAGE_STANDARD = gnu99;
				GCC_DYNAMIC_NO_PIC = NO;
				GCC_NO_COMMON_BLOCKS = YES;
				GCC_OPTIMIZATION_LEVEL = 0;
				GCC_PREPROCESSOR_DEFINITIONS = (
					"DEBUG=1",
					"$(inherited)",
				);
				GCC_WARN_64_TO_32_BIT_CONVERSION = YES;
				GCC_WARN_ABOUT_RETURN_TYPE = YES_ERROR;
				GCC_WARN_UNDECLARED_SELECTOR = YES;
				GCC_WARN_UNINITIALIZED_AUTOS = YES_AGGRESSIVE;
				GCC_WARN_UNUSED_FUNCTION = YES;
				GCC_WARN_UNUSED_VARIABLE = YES;
				IPHONEOS_DEPLOYMENT_TARGET = 10.2;
				MTL_ENABLE_DEBUG_INFO = YES;
				ONLY_ACTIVE_ARCH = YES;
				SDKROOT = iphoneos;
				TARGETED_DEVICE_FAMILY = "1,2";
			};
			name = Debug;
		};
		2F85CDA71E92AFC90099381F /* Release */ = {
			isa = XCBuildConfiguration;
			buildSettings = {
				ALWAYS_SEARCH_USER_PATHS = NO;
				CLANG_ANALYZER_NONNULL = YES;
				CLANG_CXX_LANGUAGE_STANDARD = "gnu++0x";
				CLANG_CXX_LIBRARY = "libc++";
				CLANG_ENABLE_MODULES = YES;
				CLANG_ENABLE_OBJC_ARC = YES;
				CLANG_WARN_BOOL_CONVERSION = YES;
				CLANG_WARN_CONSTANT_CONVERSION = YES;
				CLANG_WARN_DIRECT_OBJC_ISA_USAGE = YES_ERROR;
				CLANG_WARN_DOCUMENTATION_COMMENTS = YES;
				CLANG_WARN_EMPTY_BODY = YES;
				CLANG_WARN_ENUM_CONVERSION = YES;
				CLANG_WARN_INFINITE_RECURSION = YES;
				CLANG_WARN_INT_CONVERSION = YES;
				CLANG_WARN_OBJC_ROOT_CLASS = YES_ERROR;
				CLANG_WARN_SUSPICIOUS_MOVE = YES;
				CLANG_WARN_UNREACHABLE_CODE = YES;
				CLANG_WARN__DUPLICATE_METHOD_MATCH = YES;
				"CODE_SIGN_IDENTITY[sdk=iphoneos*]" = "iPhone Developer";
				COPY_PHASE_STRIP = NO;
				DEBUG_INFORMATION_FORMAT = "dwarf-with-dsym";
				ENABLE_NS_ASSERTIONS = NO;
				ENABLE_STRICT_OBJC_MSGSEND = YES;
				GCC_C_LANGUAGE_STANDARD = gnu99;
				GCC_NO_COMMON_BLOCKS = YES;
				GCC_WARN_64_TO_32_BIT_CONVERSION = YES;
				GCC_WARN_ABOUT_RETURN_TYPE = YES_ERROR;
				GCC_WARN_UNDECLARED_SELECTOR = YES;
				GCC_WARN_UNINITIALIZED_AUTOS = YES_AGGRESSIVE;
				GCC_WARN_UNUSED_FUNCTION = YES;
				GCC_WARN_UNUSED_VARIABLE = YES;
				IPHONEOS_DEPLOYMENT_TARGET = 10.2;
				MTL_ENABLE_DEBUG_INFO = NO;
				SDKROOT = iphoneos;
				TARGETED_DEVICE_FAMILY = "1,2";
				VALIDATE_PRODUCT = YES;
			};
			name = Release;
		};
		2F85CDA91E92AFC90099381F /* Debug */ = {
			isa = XCBuildConfiguration;
			buildSettings = {
				ASSETCATALOG_COMPILER_APPICON_NAME = AppIcon;
				INFOPLIST_FILE = GCDApplication/Info.plist;
				LD_RUNPATH_SEARCH_PATHS = "$(inherited) @executable_path/Frameworks";
				PRODUCT_BUNDLE_IDENTIFIER = com.kp.GCDApplication;
				PRODUCT_NAME = "$(TARGET_NAME)";
			};
			name = Debug;
		};
		2F85CDAA1E92AFC90099381F /* Release */ = {
			isa = XCBuildConfiguration;
			buildSettings = {
				ASSETCATALOG_COMPILER_APPICON_NAME = AppIcon;
				INFOPLIST_FILE = GCDApplication/Info.plist;
				LD_RUNPATH_SEARCH_PATHS = "$(inherited) @executable_path/Frameworks";
				PRODUCT_BUNDLE_IDENTIFIER = com.kp.GCDApplication;
				PRODUCT_NAME = "$(TARGET_NAME)";
			};
			name = Release;
		};
/* End XCBuildConfiguration section */

/* Begin XCConfigurationList section */
		2F85CD8C1E92AFC70099381F /* Build configuration list for PBXProject "GCDApplication" */ = {
			isa = XCConfigurationList;
			buildConfigurations = (
				2F85CDA61E92AFC90099381F /* Debug */,
				2F85CDA71E92AFC90099381F /* Release */,
			);
			defaultConfigurationIsVisible = 0;
			defaultConfigurationName = Release;
		};
		2F85CDA81E92AFC90099381F /* Build configuration list for PBXNativeTarget "GCDApplication" */ = {
			isa = XCConfigurationList;
			buildConfigurations = (
				2F85CDA91E92AFC90099381F /* Debug */,
				2F85CDAA1E92AFC90099381F /* Release */,
			);
			defaultConfigurationIsVisible = 0;
		};
/* End XCConfigurationList section */
	};
	rootObject = 2F85CD891E92AFC70099381F /* Project object */;
}
