// !$*UTF8*$!
{
	archiveVersion = 1;
	classes = {
	};
	objectVersion = 46;
	objects = {

/* Begin PBXBuildFile section */
		46FB32061DD20CF30098B7E7 /* AppDelegate.swift in Sources */ = {isa = PBXBuildFile; fileRef = 46FB32051DD20CF30098B7E7 /* AppDelegate.swift */; };
		46FB32081DD20CF30098B7E7 /* ViewController.swift in Sources */ = {isa = PBXBuildFile; fileRef = 46FB32071DD20CF30098B7E7 /* ViewController.swift */; };
		46FB320B1DD20CF30098B7E7 /* Main.storyboard in Resources */ = {isa = PBXBuildFile; fileRef = 46FB32091DD20CF30098B7E7 /* Main.storyboard */; };
		46FB320D1DD20CF30098B7E7 /* Assets.xcassets in Resources */ = {isa = PBXBuildFile; fileRef = 46FB320C1DD20CF30098B7E7 /* Assets.xcassets */; };
		46FB32101DD20CF30098B7E7 /* LaunchScreen.storyboard in Resources */ = {isa = PBXBuildFile; fileRef = 46FB320E1DD20CF30098B7E7 /* LaunchScreen.storyboard */; };
/* End PBXBuildFile section */

/* Begin PBXFileReference section */
		46FB32021DD20CF30098B7E7 /* KartikLayout.app */ = {isa = PBXFileReference; explicitFileType = wrapper.application; includeInIndex = 0; path = KartikLayout.app; sourceTree = BUILT_PRODUCTS_DIR; };
		46FB32051DD20CF30098B7E7 /* AppDelegate.swift */ = {isa = PBXFileReference; lastKnownFileType = sourcecode.swift; path = AppDelegate.swift; sourceTree = "<group>"; };
		46FB32071DD20CF30098B7E7 /* ViewController.swift */ = {isa = PBXFileReference; lastKnownFileType = sourcecode.swift; path = ViewController.swift; sourceTree = "<group>"; };
		46FB320A1DD20CF30098B7E7 /* Base */ = {isa = PBXFileReference; lastKnownFileType = file.storyboard; name = Base; path = Base.lproj/Main.storyboard; sourceTree = "<group>"; };
		46FB320C1DD20CF30098B7E7 /* Assets.xcassets */ = {isa = PBXFileReference; lastKnownFileType = folder.assetcatalog; path = Assets.xcassets; sourceTree = "<group>"; };
		46FB320F1DD20CF30098B7E7 /* Base */ = {isa = PBXFileReference; lastKnownFileType = file.storyboard; name = Base; path = Base.lproj/LaunchScreen.storyboard; sourceTree = "<group>"; };
		46FB32111DD20CF30098B7E7 /* Info.plist */ = {isa = PBXFileReference; lastKnownFileType = text.plist.xml; path = Info.plist; sourceTree = "<group>"; };
		46FB32181DD20FE60098B7E7 /* en */ = {isa = PBXFileReference; lastKnownFileType = text.plist.strings; name = en; path = en.lproj/Main.strings; sourceTree = "<group>"; };
/* End PBXFileReference section */

/* Begin PBXFrameworksBuildPhase section */
		46FB31FF1DD20CF30098B7E7 /* Frameworks */ = {
			isa = PBXFrameworksBuildPhase;
			buildActionMask = 2147483647;
			files = (
			);
			runOnlyForDeploymentPostprocessing = 0;
		};
/* End PBXFrameworksBuildPhase section */

/* Begin PBXGroup section */
		46FB31F91DD20CF30098B7E7 = {
			isa = PBXGroup;
			children = (
				46FB32041DD20CF30098B7E7 /* KartikLayout */,
				46FB32031DD20CF30098B7E7 /* Products */,
			);
			sourceTree = "<group>";
		};
		46FB32031DD20CF30098B7E7 /* Products */ = {
			isa = PBXGroup;
			children = (
				46FB32021DD20CF30098B7E7 /* KartikLayout.app */,
			);
			name = Products;
			sourceTree = "<group>";
		};
		46FB32041DD20CF30098B7E7 /* KartikLayout */ = {
			isa = PBXGroup;
			children = (
				46FB32051DD20CF30098B7E7 /* AppDelegate.swift */,
				46FB32071DD20CF30098B7E7 /* ViewController.swift */,
				46FB32091DD20CF30098B7E7 /* Main.storyboard */,
				46FB320C1DD20CF30098B7E7 /* Assets.xcassets */,
				46FB320E1DD20CF30098B7E7 /* LaunchScreen.storyboard */,
				46FB32111DD20CF30098B7E7 /* Info.plist */,
			);
			path = KartikLayout;
			sourceTree = "<group>";
		};
/* End PBXGroup section */

/* Begin PBXNativeTarget section */
		46FB32011DD20CF30098B7E7 /* KartikLayout */ = {
			isa = PBXNativeTarget;
			buildConfigurationList = 46FB32141DD20CF30098B7E7 /* Build configuration list for PBXNativeTarget "KartikLayout" */;
			buildPhases = (
				46FB31FE1DD20CF30098B7E7 /* Sources */,
				46FB31FF1DD20CF30098B7E7 /* Frameworks */,
				46FB32001DD20CF30098B7E7 /* Resources */,
			);
			buildRules = (
			);
			dependencies = (
			);
			name = KartikLayout;
			productName = KartikLayout;
			productReference = 46FB32021DD20CF30098B7E7 /* KartikLayout.app */;
			productType = "com.apple.product-type.application";
		};
/* End PBXNativeTarget section */

/* Begin PBXProject section */
		46FB31FA1DD20CF30098B7E7 /* Project object */ = {
			isa = PBXProject;
			attributes = {
				LastSwiftUpdateCheck = 0800;
				LastUpgradeCheck = 0800;
				ORGANIZATIONNAME = "lambton college";
				TargetAttributes = {
					46FB32011DD20CF30098B7E7 = {
						CreatedOnToolsVersion = 8.0;
						ProvisioningStyle = Automatic;
					};
				};
			};
			buildConfigurationList = 46FB31FD1DD20CF30098B7E7 /* Build configuration list for PBXProject "KartikLayout" */;
			compatibilityVersion = "Xcode 3.2";
			developmentRegion = English;
			hasScannedForEncodings = 0;
			knownRegions = (
				en,
				Base,
			);
			mainGroup = 46FB31F91DD20CF30098B7E7;
			productRefGroup = 46FB32031DD20CF30098B7E7 /* Products */;
			projectDirPath = "";
			projectRoot = "";
			targets = (
				46FB32011DD20CF30098B7E7 /* KartikLayout */,
			);
		};
/* End PBXProject section */

/* Begin PBXResourcesBuildPhase section */
		46FB32001DD20CF30098B7E7 /* Resources */ = {
			isa = PBXResourcesBuildPhase;
			buildActionMask = 2147483647;
			files = (
				46FB32101DD20CF30098B7E7 /* LaunchScreen.storyboard in Resources */,
				46FB320D1DD20CF30098B7E7 /* Assets.xcassets in Resources */,
				46FB320B1DD20CF30098B7E7 /* Main.storyboard in Resources */,
			);
			runOnlyForDeploymentPostprocessing = 0;
		};
/* End PBXResourcesBuildPhase section */

/* Begin PBXSourcesBuildPhase section */
		46FB31FE1DD20CF30098B7E7 /* Sources */ = {
			isa = PBXSourcesBuildPhase;
			buildActionMask = 2147483647;
			files = (
				46FB32081DD20CF30098B7E7 /* ViewController.swift in Sources */,
				46FB32061DD20CF30098B7E7 /* AppDelegate.swift in Sources */,
			);
			runOnlyForDeploymentPostprocessing = 0;
		};
/* End PBXSourcesBuildPhase section */

/* Begin PBXVariantGroup section */
		46FB32091DD20CF30098B7E7 /* Main.storyboard */ = {
			isa = PBXVariantGroup;
			children = (
				46FB320A1DD20CF30098B7E7 /* Base */,
				46FB32181DD20FE60098B7E7 /* en */,
			);
			name = Main.storyboard;
			sourceTree = "<group>";
		};
		46FB320E1DD20CF30098B7E7 /* LaunchScreen.storyboard */ = {
			isa = PBXVariantGroup;
			children = (
				46FB320F1DD20CF30098B7E7 /* Base */,
			);
			name = LaunchScreen.storyboard;
			sourceTree = "<group>";
		};
/* End PBXVariantGroup section */

/* Begin XCBuildConfiguration section */
		46FB32121DD20CF30098B7E7 /* Debug */ = {
			isa = XCBuildConfiguration;
			buildSettings = {
				ALWAYS_SEARCH_USER_PATHS = NO;
				CLANG_ANALYZER_NONNULL = YES;
				CLANG_CXX_LANGUAGE_STANDARD = "gnu++0x";
				CLANG_CXX_LIBRARY = "libc++";
				CLANG_ENABLE_MODULES = YES;
				CLANG_ENABLE_OBJC_ARC = YES;
				CLANG_WARN_BOOL_CONVERSION = YES;
				CLANG_WARN_CONSTANT_CONVERSION = YES;
				CLANG_WARN_DIRECT_OBJC_ISA_USAGE = YES_ERROR;
				CLANG_WARN_DOCUMENTATION_COMMENTS = YES;
				CLANG_WARN_EMPTY_BODY = YES;
				CLANG_WARN_ENUM_CONVERSION = YES;
				CLANG_WARN_INFINITE_RECURSION = YES;
				CLANG_WARN_INT_CONVERSION = YES;
				CLANG_WARN_OBJC_ROOT_CLASS = YES_ERROR;
				CLANG_WARN_SUSPICIOUS_MOVES = YES;
				CLANG_WARN_UNREACHABLE_CODE = YES;
				CLANG_WARN__DUPLICATE_METHOD_MATCH = YES;
				"CODE_SIGN_IDENTITY[sdk=iphoneos*]" = "iPhone Developer";
				COPY_PHASE_STRIP = NO;
				DEBUG_INFORMATION_FORMAT = dwarf;
				ENABLE_STRICT_OBJC_MSGSEND = YES;
				ENABLE_TESTABILITY = YES;
				GCC_C_LANGUAGE_STANDARD = gnu99;
				GCC_DYNAMIC_NO_PIC = NO;
				GCC_NO_COMMON_BLOCKS = YES;
				GCC_OPTIMIZATION_LEVEL = 0;
				GCC_PREPROCESSOR_DEFINITIONS = (
					"DEBUG=1",
					"$(inherited)",
				);
				GCC_WARN_64_TO_32_BIT_CONVERSION = YES;
				GCC_WARN_ABOUT_RETURN_TYPE = YES_ERROR;
				GCC_WARN_UNDECLARED_SELECTOR = YES;
				GCC_WARN_UNINITIALIZED_AUTOS = YES_AGGRESSIVE;
				GCC_WARN_UNUSED_FUNCTION = YES;
				GCC_WARN_UNUSED_VARIABLE = YES;
				IPHONEOS_DEPLOYMENT_TARGET = 10.0;
				MTL_ENABLE_DEBUG_INFO = YES;
				ONLY_ACTIVE_ARCH = YES;
				SDKROOT = iphoneos;
				SWIFT_ACTIVE_COMPILATION_CONDITIONS = DEBUG;
				SWIFT_OPTIMIZATION_LEVEL = "-Onone";
			};
			name = Debug;
		};
		46FB32131DD20CF30098B7E7 /* Release */ = {
			isa = XCBuildConfiguration;
			buildSettings = {
				ALWAYS_SEARCH_USER_PATHS = NO;
				CLANG_ANALYZER_NONNULL = YES;
				CLANG_CXX_LANGUAGE_STANDARD = "gnu++0x";
				CLANG_CXX_LIBRARY = "libc++";
				CLANG_ENABLE_MODULES = YES;
				CLANG_ENABLE_OBJC_ARC = YES;
				CLANG_WARN_BOOL_CONVERSION = YES;
				CLANG_WARN_CONSTANT_CONVERSION = YES;
				CLANG_WARN_DIRECT_OBJC_ISA_USAGE = YES_ERROR;
				CLANG_WARN_DOCUMENTATION_COMMENTS = YES;
				CLANG_WARN_EMPTY_BODY = YES;
				CLANG_WARN_ENUM_CONVERSION = YES;
				CLANG_WARN_INFINITE_RECURSION = YES;
				CLANG_WARN_INT_CONVERSION = YES;
				CLANG_WARN_OBJC_ROOT_CLASS = YES_ERROR;
				CLANG_WARN_SUSPICIOUS_MOVES = YES;
				CLANG_WARN_UNREACHABLE_CODE = YES;
				CLANG_WARN__DUPLICATE_METHOD_MATCH = YES;
				"CODE_SIGN_IDENTITY[sdk=iphoneos*]" = "iPhone Developer";
				COPY_PHASE_STRIP = NO;
				DEBUG_INFORMATION_FORMAT = "dwarf-with-dsym";
				ENABLE_NS_ASSERTIONS = NO;
				ENABLE_STRICT_OBJC_MSGSEND = YES;
				GCC_C_LANGUAGE_STANDARD = gnu99;
				GCC_NO_COMMON_BLOCKS = YES;
				GCC_WARN_64_TO_32_BIT_CONVERSION = YES;
				GCC_WARN_ABOUT_RETURN_TYPE = YES_ERROR;
				GCC_WARN_UNDECLARED_SELECTOR = YES;
				GCC_WARN_UNINITIALIZED_AUTOS = YES_AGGRESSIVE;
				GCC_WARN_UNUSED_FUNCTION = YES;
				GCC_WARN_UNUSED_VARIABLE = YES;
				IPHONEOS_DEPLOYMENT_TARGET = 10.0;
				MTL_ENABLE_DEBUG_INFO = NO;
				SDKROOT = iphoneos;
				SWIFT_OPTIMIZATION_LEVEL = "-Owholemodule";
				VALIDATE_PRODUCT = YES;
			};
			name = Release;
		};
		46FB32151DD20CF30098B7E7 /* Debug */ = {
			isa = XCBuildConfiguration;
			buildSettings = {
				ASSETCATALOG_COMPILER_APPICON_NAME = AppIcon;
				INFOPLIST_FILE = KartikLayout/Info.plist;
				LD_RUNPATH_SEARCH_PATHS = "$(inherited) @executable_path/Frameworks";
				PRODUCT_BUNDLE_IDENTIFIER = com.lambtoncollege.KartikLayout;
				PRODUCT_NAME = "$(TARGET_NAME)";
				SWIFT_VERSION = 3.0;
			};
			name = Debug;
		};
		46FB32161DD20CF30098B7E7 /* Release */ = {
			isa = XCBuildConfiguration;
			buildSettings = {
				ASSETCATALOG_COMPILER_APPICON_NAME = AppIcon;
				INFOPLIST_FILE = KartikLayout/Info.plist;
				LD_RUNPATH_SEARCH_PATHS = "$(inherited) @executable_path/Frameworks";
				PRODUCT_BUNDLE_IDENTIFIER = com.lambtoncollege.KartikLayout;
				PRODUCT_NAME = "$(TARGET_NAME)";
				SWIFT_VERSION = 3.0;
			};
			name = Release;
		};
/* End XCBuildConfiguration section */

/* Begin XCConfigurationList section */
		46FB31FD1DD20CF30098B7E7 /* Build configuration list for PBXProject "KartikLayout" */ = {
			isa = XCConfigurationList;
			buildConfigurations = (
				46FB32121DD20CF30098B7E7 /* Debug */,
				46FB32131DD20CF30098B7E7 /* Release */,
			);
			defaultConfigurationIsVisible = 0;
			defaultConfigurationName = Release;
		};
		46FB32141DD20CF30098B7E7 /* Build configuration list for PBXNativeTarget "KartikLayout" */ = {
			isa = XCConfigurationList;
			buildConfigurations = (
				46FB32151DD20CF30098B7E7 /* Debug */,
				46FB32161DD20CF30098B7E7 /* Release */,
			);
			defaultConfigurationIsVisible = 0;
		};
/* End XCConfigurationList section */
	};
	rootObject = 46FB31FA1DD20CF30098B7E7 /* Project object */;
}
