// !$*UTF8*$!
{
	archiveVersion = 1;
	classes = {
	};
	objectVersion = 46;
	objects = {

/* Begin PBXBuildFile section */
		2F5A78F01E9695A8004C7CEB /* AppDelegate.swift in Sources */ = {isa = PBXBuildFile; fileRef = 2F5A78EF1E9695A8004C7CEB /* AppDelegate.swift */; };
		2F5A78F21E9695A8004C7CEB /* ViewController.swift in Sources */ = {isa = PBXBuildFile; fileRef = 2F5A78F11E9695A8004C7CEB /* ViewController.swift */; };
		2F5A78F51E9695A8004C7CEB /* Main.storyboard in Resources */ = {isa = PBXBuildFile; fileRef = 2F5A78F31E9695A8004C7CEB /* Main.storyboard */; };
		2F5A78F81E9695A8004C7CEB /* Coredata.xcdatamodeld in Sources */ = {isa = PBXBuildFile; fileRef = 2F5A78F61E9695A8004C7CEB /* Coredata.xcdatamodeld */; };
		2F5A78FA1E9695A8004C7CEB /* Assets.xcassets in Resources */ = {isa = PBXBuildFile; fileRef = 2F5A78F91E9695A8004C7CEB /* Assets.xcassets */; };
		2F5A78FD1E9695A8004C7CEB /* LaunchScreen.storyboard in Resources */ = {isa = PBXBuildFile; fileRef = 2F5A78FB1E9695A8004C7CEB /* LaunchScreen.storyboard */; };
		2F65E2591E982D70002659E7 /* Users+CoreDataClass.swift in Sources */ = {isa = PBXBuildFile; fileRef = 2F65E2571E982D70002659E7 /* Users+CoreDataClass.swift */; };
		2F65E25A1E982D70002659E7 /* Users+CoreDataProperties.swift in Sources */ = {isa = PBXBuildFile; fileRef = 2F65E2581E982D70002659E7 /* Users+CoreDataProperties.swift */; };
/* End PBXBuildFile section */

/* Begin PBXFileReference section */
		2F5A78EC1E9695A8004C7CEB /* Coredata.app */ = {isa = PBXFileReference; explicitFileType = wrapper.application; includeInIndex = 0; path = Coredata.app; sourceTree = BUILT_PRODUCTS_DIR; };
		2F5A78EF1E9695A8004C7CEB /* AppDelegate.swift */ = {isa = PBXFileReference; lastKnownFileType = sourcecode.swift; path = AppDelegate.swift; sourceTree = "<group>"; };
		2F5A78F11E9695A8004C7CEB /* ViewController.swift */ = {isa = PBXFileReference; lastKnownFileType = sourcecode.swift; path = ViewController.swift; sourceTree = "<group>"; };
		2F5A78F41E9695A8004C7CEB /* Base */ = {isa = PBXFileReference; lastKnownFileType = file.storyboard; name = Base; path = Base.lproj/Main.storyboard; sourceTree = "<group>"; };
		2F5A78F71E9695A8004C7CEB /* Coredata.xcdatamodel */ = {isa = PBXFileReference; lastKnownFileType = wrapper.xcdatamodel; path = Coredata.xcdatamodel; sourceTree = "<group>"; };
		2F5A78F91E9695A8004C7CEB /* Assets.xcassets */ = {isa = PBXFileReference; lastKnownFileType = folder.assetcatalog; path = Assets.xcassets; sourceTree = "<group>"; };
		2F5A78FC1E9695A8004C7CEB /* Base */ = {isa = PBXFileReference; lastKnownFileType = file.storyboard; name = Base; path = Base.lproj/LaunchScreen.storyboard; sourceTree = "<group>"; };
		2F5A78FE1E9695A8004C7CEB /* Info.plist */ = {isa = PBXFileReference; lastKnownFileType = text.plist.xml; path = Info.plist; sourceTree = "<group>"; };
		2F65E2571E982D70002659E7 /* Users+CoreDataClass.swift */ = {isa = PBXFileReference; fileEncoding = 4; lastKnownFileType = sourcecode.swift; path = "Users+CoreDataClass.swift"; sourceTree = "<group>"; };
		2F65E2581E982D70002659E7 /* Users+CoreDataProperties.swift */ = {isa = PBXFileReference; fileEncoding = 4; lastKnownFileType = sourcecode.swift; path = "Users+CoreDataProperties.swift"; sourceTree = "<group>"; };
/* End PBXFileReference section */

/* Begin PBXFrameworksBuildPhase section */
		2F5A78E91E9695A7004C7CEB /* Frameworks */ = {
			isa = PBXFrameworksBuildPhase;
			buildActionMask = 2147483647;
			files = (
			);
			runOnlyForDeploymentPostprocessing = 0;
		};
/* End PBXFrameworksBuildPhase section */

/* Begin PBXGroup section */
		2F5A78E31E9695A6004C7CEB = {
			isa = PBXGroup;
			children = (
				2F5A78EE1E9695A8004C7CEB /* Coredata */,
				2F5A78ED1E9695A8004C7CEB /* Products */,
			);
			sourceTree = "<group>";
		};
		2F5A78ED1E9695A8004C7CEB /* Products */ = {
			isa = PBXGroup;
			children = (
				2F5A78EC1E9695A8004C7CEB /* Coredata.app */,
			);
			name = Products;
			sourceTree = "<group>";
		};
		2F5A78EE1E9695A8004C7CEB /* Coredata */ = {
			isa = PBXGroup;
			children = (
				2F5A78EF1E9695A8004C7CEB /* AppDelegate.swift */,
				2F5A78F11E9695A8004C7CEB /* ViewController.swift */,
				2F5A78F31E9695A8004C7CEB /* Main.storyboard */,
				2F5A78F91E9695A8004C7CEB /* Assets.xcassets */,
				2F65E2571E982D70002659E7 /* Users+CoreDataClass.swift */,
				2F65E2581E982D70002659E7 /* Users+CoreDataProperties.swift */,
				2F5A78FB1E9695A8004C7CEB /* LaunchScreen.storyboard */,
				2F5A78FE1E9695A8004C7CEB /* Info.plist */,
				2F5A78F61E9695A8004C7CEB /* Coredata.xcdatamodeld */,
			);
			path = Coredata;
			sourceTree = "<group>";
		};
/* End PBXGroup section */

/* Begin PBXNativeTarget section */
		2F5A78EB1E9695A7004C7CEB /* Coredata */ = {
			isa = PBXNativeTarget;
			buildConfigurationList = 2F5A79011E9695A8004C7CEB /* Build configuration list for PBXNativeTarget "Coredata" */;
			buildPhases = (
				2F5A78E81E9695A7004C7CEB /* Sources */,
				2F5A78E91E9695A7004C7CEB /* Frameworks */,
				2F5A78EA1E9695A7004C7CEB /* Resources */,
			);
			buildRules = (
			);
			dependencies = (
			);
			name = Coredata;
			productName = Coredata;
			productReference = 2F5A78EC1E9695A8004C7CEB /* Coredata.app */;
			productType = "com.apple.product-type.application";
		};
/* End PBXNativeTarget section */

/* Begin PBXProject section */
		2F5A78E41E9695A6004C7CEB /* Project object */ = {
			isa = PBXProject;
			attributes = {
				LastSwiftUpdateCheck = 0820;
				LastUpgradeCheck = 0820;
				ORGANIZATIONNAME = "Kartik Patel";
				TargetAttributes = {
					2F5A78EB1E9695A7004C7CEB = {
						CreatedOnToolsVersion = 8.2.1;
						ProvisioningStyle = Automatic;
					};
				};
			};
			buildConfigurationList = 2F5A78E71E9695A6004C7CEB /* Build configuration list for PBXProject "Coredata" */;
			compatibilityVersion = "Xcode 3.2";
			developmentRegion = English;
			hasScannedForEncodings = 0;
			knownRegions = (
				en,
				Base,
			);
			mainGroup = 2F5A78E31E9695A6004C7CEB;
			productRefGroup = 2F5A78ED1E9695A8004C7CEB /* Products */;
			projectDirPath = "";
			projectRoot = "";
			targets = (
				2F5A78EB1E9695A7004C7CEB /* Coredata */,
			);
		};
/* End PBXProject section */

/* Begin PBXResourcesBuildPhase section */
		2F5A78EA1E9695A7004C7CEB /* Resources */ = {
			isa = PBXResourcesBuildPhase;
			buildActionMask = 2147483647;
			files = (
				2F5A78FD1E9695A8004C7CEB /* LaunchScreen.storyboard in Resources */,
				2F5A78FA1E9695A8004C7CEB /* Assets.xcassets in Resources */,
				2F5A78F51E9695A8004C7CEB /* Main.storyboard in Resources */,
			);
			runOnlyForDeploymentPostprocessing = 0;
		};
/* End PBXResourcesBuildPhase section */

/* Begin PBXSourcesBuildPhase section */
		2F5A78E81E9695A7004C7CEB /* Sources */ = {
			isa = PBXSourcesBuildPhase;
			buildActionMask = 2147483647;
			files = (
				2F5A78F81E9695A8004C7CEB /* Coredata.xcdatamodeld in Sources */,
				2F5A78F21E9695A8004C7CEB /* ViewController.swift in Sources */,
				2F65E2591E982D70002659E7 /* Users+CoreDataClass.swift in Sources */,
				2F5A78F01E9695A8004C7CEB /* AppDelegate.swift in Sources */,
				2F65E25A1E982D70002659E7 /* Users+CoreDataProperties.swift in Sources */,
			);
			runOnlyForDeploymentPostprocessing = 0;
		};
/* End PBXSourcesBuildPhase section */

/* Begin PBXVariantGroup section */
		2F5A78F31E9695A8004C7CEB /* Main.storyboard */ = {
			isa = PBXVariantGroup;
			children = (
				2F5A78F41E9695A8004C7CEB /* Base */,
			);
			name = Main.storyboard;
			sourceTree = "<group>";
		};
		2F5A78FB1E9695A8004C7CEB /* LaunchScreen.storyboard */ = {
			isa = PBXVariantGroup;
			children = (
				2F5A78FC1E9695A8004C7CEB /* Base */,
			);
			name = LaunchScreen.storyboard;
			sourceTree = "<group>";
		};
/* End PBXVariantGroup section */

/* Begin XCBuildConfiguration section */
		2F5A78FF1E9695A8004C7CEB /* Debug */ = {
			isa = XCBuildConfiguration;
			buildSettings = {
				ALWAYS_SEARCH_USER_PATHS = NO;
				CLANG_ANALYZER_NONNULL = YES;
				CLANG_CXX_LANGUAGE_STANDARD = "gnu++0x";
				CLANG_CXX_LIBRARY = "libc++";
				CLANG_ENABLE_MODULES = YES;
				CLANG_ENABLE_OBJC_ARC = YES;
				CLANG_WARN_BOOL_CONVERSION = YES;
				CLANG_WARN_CONSTANT_CONVERSION = YES;
				CLANG_WARN_DIRECT_OBJC_ISA_USAGE = YES_ERROR;
				CLANG_WARN_DOCUMENTATION_COMMENTS = YES;
				CLANG_WARN_EMPTY_BODY = YES;
				CLANG_WARN_ENUM_CONVERSION = YES;
				CLANG_WARN_INFINITE_RECURSION = YES;
				CLANG_WARN_INT_CONVERSION = YES;
				CLANG_WARN_OBJC_ROOT_CLASS = YES_ERROR;
				CLANG_WARN_SUSPICIOUS_MOVE = YES;
				CLANG_WARN_UNREACHABLE_CODE = YES;
				CLANG_WARN__DUPLICATE_METHOD_MATCH = YES;
				"CODE_SIGN_IDENTITY[sdk=iphoneos*]" = "iPhone Developer";
				COPY_PHASE_STRIP = NO;
				DEBUG_INFORMATION_FORMAT = dwarf;
				ENABLE_STRICT_OBJC_MSGSEND = YES;
				ENABLE_TESTABILITY = YES;
				GCC_C_LANGUAGE_STANDARD = gnu99;
				GCC_DYNAMIC_NO_PIC = NO;
				GCC_NO_COMMON_BLOCKS = YES;
				GCC_OPTIMIZATION_LEVEL = 0;
				GCC_PREPROCESSOR_DEFINITIONS = (
					"DEBUG=1",
					"$(inherited)",
				);
				GCC_WARN_64_TO_32_BIT_CONVERSION = YES;
				GCC_WARN_ABOUT_RETURN_TYPE = YES_ERROR;
				GCC_WARN_UNDECLARED_SELECTOR = YES;
				GCC_WARN_UNINITIALIZED_AUTOS = YES_AGGRESSIVE;
				GCC_WARN_UNUSED_FUNCTION = YES;
				GCC_WARN_UNUSED_VARIABLE = YES;
				IPHONEOS_DEPLOYMENT_TARGET = 10.2;
				MTL_ENABLE_DEBUG_INFO = YES;
				ONLY_ACTIVE_ARCH = YES;
				SDKROOT = iphoneos;
				SWIFT_ACTIVE_COMPILATION_CONDITIONS = DEBUG;
				SWIFT_OPTIMIZATION_LEVEL = "-Onone";
			};
			name = Debug;
		};
		2F5A79001E9695A8004C7CEB /* Release */ = {
			isa = XCBuildConfiguration;
			buildSettings = {
				ALWAYS_SEARCH_USER_PATHS = NO;
				CLANG_ANALYZER_NONNULL = YES;
				CLANG_CXX_LANGUAGE_STANDARD = "gnu++0x";
				CLANG_CXX_LIBRARY = "libc++";
				CLANG_ENABLE_MODULES = YES;
				CLANG_ENABLE_OBJC_ARC = YES;
				CLANG_WARN_BOOL_CONVERSION = YES;
				CLANG_WARN_CONSTANT_CONVERSION = YES;
				CLANG_WARN_DIRECT_OBJC_ISA_USAGE = YES_ERROR;
				CLANG_WARN_DOCUMENTATION_COMMENTS = YES;
				CLANG_WARN_EMPTY_BODY = YES;
				CLANG_WARN_ENUM_CONVERSION = YES;
				CLANG_WARN_INFINITE_RECURSION = YES;
				CLANG_WARN_INT_CONVERSION = YES;
				CLANG_WARN_OBJC_ROOT_CLASS = YES_ERROR;
				CLANG_WARN_SUSPICIOUS_MOVE = YES;
				CLANG_WARN_UNREACHABLE_CODE = YES;
				CLANG_WARN__DUPLICATE_METHOD_MATCH = YES;
				"CODE_SIGN_IDENTITY[sdk=iphoneos*]" = "iPhone Developer";
				COPY_PHASE_STRIP = NO;
				DEBUG_INFORMATION_FORMAT = "dwarf-with-dsym";
				ENABLE_NS_ASSERTIONS = NO;
				ENABLE_STRICT_OBJC_MSGSEND = YES;
				GCC_C_LANGUAGE_STANDARD = gnu99;
				GCC_NO_COMMON_BLOCKS = YES;
				GCC_WARN_64_TO_32_BIT_CONVERSION = YES;
				GCC_WARN_ABOUT_RETURN_TYPE = YES_ERROR;
				GCC_WARN_UNDECLARED_SELECTOR = YES;
				GCC_WARN_UNINITIALIZED_AUTOS = YES_AGGRESSIVE;
				GCC_WARN_UNUSED_FUNCTION = YES;
				GCC_WARN_UNUSED_VARIABLE = YES;
				IPHONEOS_DEPLOYMENT_TARGET = 10.2;
				MTL_ENABLE_DEBUG_INFO = NO;
				SDKROOT = iphoneos;
				SWIFT_OPTIMIZATION_LEVEL = "-Owholemodule";
				VALIDATE_PRODUCT = YES;
			};
			name = Release;
		};
		2F5A79021E9695A8004C7CEB /* Debug */ = {
			isa = XCBuildConfiguration;
			buildSettings = {
				ASSETCATALOG_COMPILER_APPICON_NAME = AppIcon;
				INFOPLIST_FILE = Coredata/Info.plist;
				LD_RUNPATH_SEARCH_PATHS = "$(inherited) @executable_path/Frameworks";
				PRODUCT_BUNDLE_IDENTIFIER = com.kp.Coredata;
				PRODUCT_NAME = "$(TARGET_NAME)";
				SWIFT_VERSION = 3.0;
			};
			name = Debug;
		};
		2F5A79031E9695A8004C7CEB /* Release */ = {
			isa = XCBuildConfiguration;
			buildSettings = {
				ASSETCATALOG_COMPILER_APPICON_NAME = AppIcon;
				INFOPLIST_FILE = Coredata/Info.plist;
				LD_RUNPATH_SEARCH_PATHS = "$(inherited) @executable_path/Frameworks";
				PRODUCT_BUNDLE_IDENTIFIER = com.kp.Coredata;
				PRODUCT_NAME = "$(TARGET_NAME)";
				SWIFT_VERSION = 3.0;
			};
			name = Release;
		};
/* End XCBuildConfiguration section */

/* Begin XCConfigurationList section */
		2F5A78E71E9695A6004C7CEB /* Build configuration list for PBXProject "Coredata" */ = {
			isa = XCConfigurationList;
			buildConfigurations = (
				2F5A78FF1E9695A8004C7CEB /* Debug */,
				2F5A79001E9695A8004C7CEB /* Release */,
			);
			defaultConfigurationIsVisible = 0;
			defaultConfigurationName = Release;
		};
		2F5A79011E9695A8004C7CEB /* Build configuration list for PBXNativeTarget "Coredata" */ = {
			isa = XCConfigurationList;
			buildConfigurations = (
				2F5A79021E9695A8004C7CEB /* Debug */,
				2F5A79031E9695A8004C7CEB /* Release */,
			);
			defaultConfigurationIsVisible = 0;
			defaultConfigurationName = Release;
		};
/* End XCConfigurationList section */

/* Begin XCVersionGroup section */
		2F5A78F61E9695A8004C7CEB /* Coredata.xcdatamodeld */ = {
			isa = XCVersionGroup;
			children = (
				2F5A78F71E9695A8004C7CEB /* Coredata.xcdatamodel */,
			);
			currentVersion = 2F5A78F71E9695A8004C7CEB /* Coredata.xcdatamodel */;
			path = Coredata.xcdatamodeld;
			sourceTree = "<group>";
			versionGroupType = wrapper.xcdatamodel;
		};
/* End XCVersionGroup section */
	};
	rootObject = 2F5A78E41E9695A6004C7CEB /* Project object */;
}
