// !$*UTF8*$!
{
	archiveVersion = 1;
	classes = {
	};
	objectVersion = 46;
	objects = {

/* Begin PBXBuildFile section */
		46C66B2A1DE33ECA00E4E20C /* AppDelegate.swift in Sources */ = {isa = PBXBuildFile; fileRef = 46C66B291DE33ECA00E4E20C /* AppDelegate.swift */; };
		46C66B2C1DE33ECA00E4E20C /* ViewController.swift in Sources */ = {isa = PBXBuildFile; fileRef = 46C66B2B1DE33ECA00E4E20C /* ViewController.swift */; };
		46C66B2F1DE33ECB00E4E20C /* Main.storyboard in Resources */ = {isa = PBXBuildFile; fileRef = 46C66B2D1DE33ECB00E4E20C /* Main.storyboard */; };
		46C66B311DE33ECB00E4E20C /* Assets.xcassets in Resources */ = {isa = PBXBuildFile; fileRef = 46C66B301DE33ECB00E4E20C /* Assets.xcassets */; };
		46C66B341DE33ECB00E4E20C /* LaunchScreen.storyboard in Resources */ = {isa = PBXBuildFile; fileRef = 46C66B321DE33ECB00E4E20C /* LaunchScreen.storyboard */; };
		46C66B3C1DE33F4400E4E20C /* RootViewController.swift in Sources */ = {isa = PBXBuildFile; fileRef = 46C66B3B1DE33F4400E4E20C /* RootViewController.swift */; };
		46C66B3E1DE34FA600E4E20C /* FavoritesList.swift in Sources */ = {isa = PBXBuildFile; fileRef = 46C66B3D1DE34FA600E4E20C /* FavoritesList.swift */; };
		46C66B401DE35B7300E4E20C /* KartikFontList.swift in Sources */ = {isa = PBXBuildFile; fileRef = 46C66B3F1DE35B7300E4E20C /* KartikFontList.swift */; };
/* End PBXBuildFile section */

/* Begin PBXFileReference section */
		46C66B261DE33ECA00E4E20C /* TableView.app */ = {isa = PBXFileReference; explicitFileType = wrapper.application; includeInIndex = 0; path = TableView.app; sourceTree = BUILT_PRODUCTS_DIR; };
		46C66B291DE33ECA00E4E20C /* AppDelegate.swift */ = {isa = PBXFileReference; lastKnownFileType = sourcecode.swift; path = AppDelegate.swift; sourceTree = "<group>"; };
		46C66B2B1DE33ECA00E4E20C /* ViewController.swift */ = {isa = PBXFileReference; lastKnownFileType = sourcecode.swift; path = ViewController.swift; sourceTree = "<group>"; };
		46C66B2E1DE33ECB00E4E20C /* Base */ = {isa = PBXFileReference; lastKnownFileType = file.storyboard; name = Base; path = Base.lproj/Main.storyboard; sourceTree = "<group>"; };
		46C66B301DE33ECB00E4E20C /* Assets.xcassets */ = {isa = PBXFileReference; lastKnownFileType = folder.assetcatalog; path = Assets.xcassets; sourceTree = "<group>"; };
		46C66B331DE33ECB00E4E20C /* Base */ = {isa = PBXFileReference; lastKnownFileType = file.storyboard; name = Base; path = Base.lproj/LaunchScreen.storyboard; sourceTree = "<group>"; };
		46C66B351DE33ECB00E4E20C /* Info.plist */ = {isa = PBXFileReference; lastKnownFileType = text.plist.xml; path = Info.plist; sourceTree = "<group>"; };
		46C66B3B1DE33F4400E4E20C /* RootViewController.swift */ = {isa = PBXFileReference; fileEncoding = 4; lastKnownFileType = sourcecode.swift; path = RootViewController.swift; sourceTree = "<group>"; };
		46C66B3D1DE34FA600E4E20C /* FavoritesList.swift */ = {isa = PBXFileReference; fileEncoding = 4; lastKnownFileType = sourcecode.swift; path = FavoritesList.swift; sourceTree = "<group>"; };
		46C66B3F1DE35B7300E4E20C /* KartikFontList.swift */ = {isa = PBXFileReference; fileEncoding = 4; lastKnownFileType = sourcecode.swift; path = KartikFontList.swift; sourceTree = "<group>"; };
/* End PBXFileReference section */

/* Begin PBXFrameworksBuildPhase section */
		46C66B231DE33ECA00E4E20C /* Frameworks */ = {
			isa = PBXFrameworksBuildPhase;
			buildActionMask = 2147483647;
			files = (
			);
			runOnlyForDeploymentPostprocessing = 0;
		};
/* End PBXFrameworksBuildPhase section */

/* Begin PBXGroup section */
		46C66B1D1DE33ECA00E4E20C = {
			isa = PBXGroup;
			children = (
				46C66B281DE33ECA00E4E20C /* TableView */,
				46C66B271DE33ECA00E4E20C /* Products */,
			);
			sourceTree = "<group>";
		};
		46C66B271DE33ECA00E4E20C /* Products */ = {
			isa = PBXGroup;
			children = (
				46C66B261DE33ECA00E4E20C /* TableView.app */,
			);
			name = Products;
			sourceTree = "<group>";
		};
		46C66B281DE33ECA00E4E20C /* TableView */ = {
			isa = PBXGroup;
			children = (
				46C66B291DE33ECA00E4E20C /* AppDelegate.swift */,
				46C66B2B1DE33ECA00E4E20C /* ViewController.swift */,
				46C66B2D1DE33ECB00E4E20C /* Main.storyboard */,
				46C66B301DE33ECB00E4E20C /* Assets.xcassets */,
				46C66B321DE33ECB00E4E20C /* LaunchScreen.storyboard */,
				46C66B351DE33ECB00E4E20C /* Info.plist */,
				46C66B3B1DE33F4400E4E20C /* RootViewController.swift */,
				46C66B3D1DE34FA600E4E20C /* FavoritesList.swift */,
				46C66B3F1DE35B7300E4E20C /* KartikFontList.swift */,
			);
			path = TableView;
			sourceTree = "<group>";
		};
/* End PBXGroup section */

/* Begin PBXNativeTarget section */
		46C66B251DE33ECA00E4E20C /* TableView */ = {
			isa = PBXNativeTarget;
			buildConfigurationList = 46C66B381DE33ECB00E4E20C /* Build configuration list for PBXNativeTarget "TableView" */;
			buildPhases = (
				46C66B221DE33ECA00E4E20C /* Sources */,
				46C66B231DE33ECA00E4E20C /* Frameworks */,
				46C66B241DE33ECA00E4E20C /* Resources */,
			);
			buildRules = (
			);
			dependencies = (
			);
			name = TableView;
			productName = TableView;
			productReference = 46C66B261DE33ECA00E4E20C /* TableView.app */;
			productType = "com.apple.product-type.application";
		};
/* End PBXNativeTarget section */

/* Begin PBXProject section */
		46C66B1E1DE33ECA00E4E20C /* Project object */ = {
			isa = PBXProject;
			attributes = {
				LastSwiftUpdateCheck = 0810;
				LastUpgradeCheck = 0810;
				ORGANIZATIONNAME = LambtonCollege;
				TargetAttributes = {
					46C66B251DE33ECA00E4E20C = {
						CreatedOnToolsVersion = 8.1;
						ProvisioningStyle = Automatic;
					};
				};
			};
			buildConfigurationList = 46C66B211DE33ECA00E4E20C /* Build configuration list for PBXProject "TableView" */;
			compatibilityVersion = "Xcode 3.2";
			developmentRegion = English;
			hasScannedForEncodings = 0;
			knownRegions = (
				en,
				Base,
			);
			mainGroup = 46C66B1D1DE33ECA00E4E20C;
			productRefGroup = 46C66B271DE33ECA00E4E20C /* Products */;
			projectDirPath = "";
			projectRoot = "";
			targets = (
				46C66B251DE33ECA00E4E20C /* TableView */,
			);
		};
/* End PBXProject section */

/* Begin PBXResourcesBuildPhase section */
		46C66B241DE33ECA00E4E20C /* Resources */ = {
			isa = PBXResourcesBuildPhase;
			buildActionMask = 2147483647;
			files = (
				46C66B341DE33ECB00E4E20C /* LaunchScreen.storyboard in Resources */,
				46C66B311DE33ECB00E4E20C /* Assets.xcassets in Resources */,
				46C66B2F1DE33ECB00E4E20C /* Main.storyboard in Resources */,
			);
			runOnlyForDeploymentPostprocessing = 0;
		};
/* End PBXResourcesBuildPhase section */

/* Begin PBXSourcesBuildPhase section */
		46C66B221DE33ECA00E4E20C /* Sources */ = {
			isa = PBXSourcesBuildPhase;
			buildActionMask = 2147483647;
			files = (
				46C66B2C1DE33ECA00E4E20C /* ViewController.swift in Sources */,
				46C66B3E1DE34FA600E4E20C /* FavoritesList.swift in Sources */,
				46C66B2A1DE33ECA00E4E20C /* AppDelegate.swift in Sources */,
				46C66B401DE35B7300E4E20C /* KartikFontList.swift in Sources */,
				46C66B3C1DE33F4400E4E20C /* RootViewController.swift in Sources */,
			);
			runOnlyForDeploymentPostprocessing = 0;
		};
/* End PBXSourcesBuildPhase section */

/* Begin PBXVariantGroup section */
		46C66B2D1DE33ECB00E4E20C /* Main.storyboard */ = {
			isa = PBXVariantGroup;
			children = (
				46C66B2E1DE33ECB00E4E20C /* Base */,
			);
			name = Main.storyboard;
			sourceTree = "<group>";
		};
		46C66B321DE33ECB00E4E20C /* LaunchScreen.storyboard */ = {
			isa = PBXVariantGroup;
			children = (
				46C66B331DE33ECB00E4E20C /* Base */,
			);
			name = LaunchScreen.storyboard;
			sourceTree = "<group>";
		};
/* End PBXVariantGroup section */

/* Begin XCBuildConfiguration section */
		46C66B361DE33ECB00E4E20C /* Debug */ = {
			isa = XCBuildConfiguration;
			buildSettings = {
				ALWAYS_SEARCH_USER_PATHS = NO;
				CLANG_ANALYZER_NONNULL = YES;
				CLANG_CXX_LANGUAGE_STANDARD = "gnu++0x";
				CLANG_CXX_LIBRARY = "libc++";
				CLANG_ENABLE_MODULES = YES;
				CLANG_ENABLE_OBJC_ARC = YES;
				CLANG_WARN_BOOL_CONVERSION = YES;
				CLANG_WARN_CONSTANT_CONVERSION = YES;
				CLANG_WARN_DIRECT_OBJC_ISA_USAGE = YES_ERROR;
				CLANG_WARN_DOCUMENTATION_COMMENTS = YES;
				CLANG_WARN_EMPTY_BODY = YES;
				CLANG_WARN_ENUM_CONVERSION = YES;
				CLANG_WARN_INFINITE_RECURSION = YES;
				CLANG_WARN_INT_CONVERSION = YES;
				CLANG_WARN_OBJC_ROOT_CLASS = YES_ERROR;
				CLANG_WARN_SUSPICIOUS_MOVES = YES;
				CLANG_WARN_UNREACHABLE_CODE = YES;
				CLANG_WARN__DUPLICATE_METHOD_MATCH = YES;
				"CODE_SIGN_IDENTITY[sdk=iphoneos*]" = "iPhone Developer";
				COPY_PHASE_STRIP = NO;
				DEBUG_INFORMATION_FORMAT = dwarf;
				ENABLE_STRICT_OBJC_MSGSEND = YES;
				ENABLE_TESTABILITY = YES;
				GCC_C_LANGUAGE_STANDARD = gnu99;
				GCC_DYNAMIC_NO_PIC = NO;
				GCC_NO_COMMON_BLOCKS = YES;
				GCC_OPTIMIZATION_LEVEL = 0;
				GCC_PREPROCESSOR_DEFINITIONS = (
					"DEBUG=1",
					"$(inherited)",
				);
				GCC_WARN_64_TO_32_BIT_CONVERSION = YES;
				GCC_WARN_ABOUT_RETURN_TYPE = YES_ERROR;
				GCC_WARN_UNDECLARED_SELECTOR = YES;
				GCC_WARN_UNINITIALIZED_AUTOS = YES_AGGRESSIVE;
				GCC_WARN_UNUSED_FUNCTION = YES;
				GCC_WARN_UNUSED_VARIABLE = YES;
				IPHONEOS_DEPLOYMENT_TARGET = 10.1;
				MTL_ENABLE_DEBUG_INFO = YES;
				ONLY_ACTIVE_ARCH = YES;
				SDKROOT = iphoneos;
				SWIFT_ACTIVE_COMPILATION_CONDITIONS = DEBUG;
				SWIFT_OPTIMIZATION_LEVEL = "-Onone";
			};
			name = Debug;
		};
		46C66B371DE33ECB00E4E20C /* Release */ = {
			isa = XCBuildConfiguration;
			buildSettings = {
				ALWAYS_SEARCH_USER_PATHS = NO;
				CLANG_ANALYZER_NONNULL = YES;
				CLANG_CXX_LANGUAGE_STANDARD = "gnu++0x";
				CLANG_CXX_LIBRARY = "libc++";
				CLANG_ENABLE_MODULES = YES;
				CLANG_ENABLE_OBJC_ARC = YES;
				CLANG_WARN_BOOL_CONVERSION = YES;
				CLANG_WARN_CONSTANT_CONVERSION = YES;
				CLANG_WARN_DIRECT_OBJC_ISA_USAGE = YES_ERROR;
				CLANG_WARN_DOCUMENTATION_COMMENTS = YES;
				CLANG_WARN_EMPTY_BODY = YES;
				CLANG_WARN_ENUM_CONVERSION = YES;
				CLANG_WARN_INFINITE_RECURSION = YES;
				CLANG_WARN_INT_CONVERSION = YES;
				CLANG_WARN_OBJC_ROOT_CLASS = YES_ERROR;
				CLANG_WARN_SUSPICIOUS_MOVES = YES;
				CLANG_WARN_UNREACHABLE_CODE = YES;
				CLANG_WARN__DUPLICATE_METHOD_MATCH = YES;
				"CODE_SIGN_IDENTITY[sdk=iphoneos*]" = "iPhone Developer";
				COPY_PHASE_STRIP = NO;
				DEBUG_INFORMATION_FORMAT = "dwarf-with-dsym";
				ENABLE_NS_ASSERTIONS = NO;
				ENABLE_STRICT_OBJC_MSGSEND = YES;
				GCC_C_LANGUAGE_STANDARD = gnu99;
				GCC_NO_COMMON_BLOCKS = YES;
				GCC_WARN_64_TO_32_BIT_CONVERSION = YES;
				GCC_WARN_ABOUT_RETURN_TYPE = YES_ERROR;
				GCC_WARN_UNDECLARED_SELECTOR = YES;
				GCC_WARN_UNINITIALIZED_AUTOS = YES_AGGRESSIVE;
				GCC_WARN_UNUSED_FUNCTION = YES;
				GCC_WARN_UNUSED_VARIABLE = YES;
				IPHONEOS_DEPLOYMENT_TARGET = 10.1;
				MTL_ENABLE_DEBUG_INFO = NO;
				SDKROOT = iphoneos;
				SWIFT_OPTIMIZATION_LEVEL = "-Owholemodule";
				VALIDATE_PRODUCT = YES;
			};
			name = Release;
		};
		46C66B391DE33ECB00E4E20C /* Debug */ = {
			isa = XCBuildConfiguration;
			buildSettings = {
				ASSETCATALOG_COMPILER_APPICON_NAME = AppIcon;
				INFOPLIST_FILE = TableView/Info.plist;
				LD_RUNPATH_SEARCH_PATHS = "$(inherited) @executable_path/Frameworks";
				PRODUCT_BUNDLE_IDENTIFIER = com.kp.TableView;
				PRODUCT_NAME = "$(TARGET_NAME)";
				SWIFT_VERSION = 3.0;
			};
			name = Debug;
		};
		46C66B3A1DE33ECB00E4E20C /* Release */ = {
			isa = XCBuildConfiguration;
			buildSettings = {
				ASSETCATALOG_COMPILER_APPICON_NAME = AppIcon;
				INFOPLIST_FILE = TableView/Info.plist;
				LD_RUNPATH_SEARCH_PATHS = "$(inherited) @executable_path/Frameworks";
				PRODUCT_BUNDLE_IDENTIFIER = com.kp.TableView;
				PRODUCT_NAME = "$(TARGET_NAME)";
				SWIFT_VERSION = 3.0;
			};
			name = Release;
		};
/* End XCBuildConfiguration section */

/* Begin XCConfigurationList section */
		46C66B211DE33ECA00E4E20C /* Build configuration list for PBXProject "TableView" */ = {
			isa = XCConfigurationList;
			buildConfigurations = (
				46C66B361DE33ECB00E4E20C /* Debug */,
				46C66B371DE33ECB00E4E20C /* Release */,
			);
			defaultConfigurationIsVisible = 0;
			defaultConfigurationName = Release;
		};
		46C66B381DE33ECB00E4E20C /* Build configuration list for PBXNativeTarget "TableView" */ = {
			isa = XCConfigurationList;
			buildConfigurations = (
				46C66B391DE33ECB00E4E20C /* Debug */,
				46C66B3A1DE33ECB00E4E20C /* Release */,
			);
			defaultConfigurationIsVisible = 0;
			defaultConfigurationName = Release;
		};
/* End XCConfigurationList section */
	};
	rootObject = 46C66B1E1DE33ECA00E4E20C /* Project object */;
}
